// !$*UTF8*$!
{
	archiveVersion = 1;
	classes = {
	};
	objectVersion = 56;
	objects = {

/* Begin PBXBuildFile section */
		0A87F8422BD1629B007321F1 /* AppDelegate.swift in Sources */ = {isa = PBXBuildFile; fileRef = 0A87F8412BD1629B007321F1 /* AppDelegate.swift */; };
		0A87F8442BD1629B007321F1 /* SceneDelegate.swift in Sources */ = {isa = PBXBuildFile; fileRef = 0A87F8432BD1629B007321F1 /* SceneDelegate.swift */; };
		0A87F84B2BD1629D007321F1 /* Assets.xcassets in Resources */ = {isa = PBXBuildFile; fileRef = 0A87F84A2BD1629D007321F1 /* Assets.xcassets */; };
		0A87F84E2BD1629D007321F1 /* Base in Resources */ = {isa = PBXBuildFile; fileRef = 0A87F84D2BD1629D007321F1 /* Base */; };
		0A87F8592BD163A5007321F1 /* StartViewController.swift in Sources */ = {isa = PBXBuildFile; fileRef = 0A87F8582BD163A5007321F1 /* StartViewController.swift */; };
		0A87F85C2BD163CC007321F1 /* StartView.swift in Sources */ = {isa = PBXBuildFile; fileRef = 0A87F85B2BD163CC007321F1 /* StartView.swift */; };
		0A87F85F2BD163EC007321F1 /* AuthorizationView.swift in Sources */ = {isa = PBXBuildFile; fileRef = 0A87F85E2BD163EC007321F1 /* AuthorizationView.swift */; };
		0A87F8612BD163FA007321F1 /* AuthorizationViewController.swift in Sources */ = {isa = PBXBuildFile; fileRef = 0A87F8602BD163FA007321F1 /* AuthorizationViewController.swift */; };
		0A87F8652BD166E7007321F1 /* CoffeeCraftTextField.swift in Sources */ = {isa = PBXBuildFile; fileRef = 0A87F8642BD166E7007321F1 /* CoffeeCraftTextField.swift */; };
		0A87F8682BD16727007321F1 /* CoffeeCraftButton.swift in Sources */ = {isa = PBXBuildFile; fileRef = 0A87F8672BD16727007321F1 /* CoffeeCraftButton.swift */; };
		0A87F86A2BD16752007321F1 /* MinusAndPlusButton.swift in Sources */ = {isa = PBXBuildFile; fileRef = 0A87F8692BD16752007321F1 /* MinusAndPlusButton.swift */; };
		0A87F86C2BD16795007321F1 /* CoffeeCraftTitleLabel.swift in Sources */ = {isa = PBXBuildFile; fileRef = 0A87F86B2BD16795007321F1 /* CoffeeCraftTitleLabel.swift */; };
		0A87F8702BD167EC007321F1 /* CoffeeCraftImageView.swift in Sources */ = {isa = PBXBuildFile; fileRef = 0A87F86F2BD167EC007321F1 /* CoffeeCraftImageView.swift */; };
		0A87F8732BD16CBF007321F1 /* UIView+Ext.swift in Sources */ = {isa = PBXBuildFile; fileRef = 0A87F8722BD16CBF007321F1 /* UIView+Ext.swift */; };
		0A87F8762BD17092007321F1 /* MenuBarCell.swift in Sources */ = {isa = PBXBuildFile; fileRef = 0A87F8752BD17092007321F1 /* MenuBarCell.swift */; };
		0A87F8782BD1B113007321F1 /* MenuBarViewController.swift in Sources */ = {isa = PBXBuildFile; fileRef = 0A87F8772BD1B113007321F1 /* MenuBarViewController.swift */; };
		0A87F87C2BD1B2E7007321F1 /* Product.swift in Sources */ = {isa = PBXBuildFile; fileRef = 0A87F87B2BD1B2E7007321F1 /* Product.swift */; };
		0A87F87E2BD1B324007321F1 /* ProductsCell.swift in Sources */ = {isa = PBXBuildFile; fileRef = 0A87F87D2BD1B324007321F1 /* ProductsCell.swift */; };
		0A87F8822BD1B3DF007321F1 /* Categories.swift in Sources */ = {isa = PBXBuildFile; fileRef = 0A87F8812BD1B3DF007321F1 /* Categories.swift */; };
		0A87F8842BD1B44A007321F1 /* JSONParser.swift in Sources */ = {isa = PBXBuildFile; fileRef = 0A87F8832BD1B44A007321F1 /* JSONParser.swift */; };
		0A87F8862BD1B77D007321F1 /* ProductsViewController.swift in Sources */ = {isa = PBXBuildFile; fileRef = 0A87F8852BD1B77D007321F1 /* ProductsViewController.swift */; };
		0A87F8882BD1B7CB007321F1 /* CounterModel.swift in Sources */ = {isa = PBXBuildFile; fileRef = 0A87F8872BD1B7CB007321F1 /* CounterModel.swift */; };
		604B7F64573A040AF4F0E1C5 /* Pods_CoffeeCraft.framework in Frameworks */ = {isa = PBXBuildFile; fileRef = 05C7503E111213C7DD7A96D0 /* Pods_CoffeeCraft.framework */; };
/* End PBXBuildFile section */

/* Begin PBXFileReference section */
		05C7503E111213C7DD7A96D0 /* Pods_CoffeeCraft.framework */ = {isa = PBXFileReference; explicitFileType = wrapper.framework; includeInIndex = 0; path = Pods_CoffeeCraft.framework; sourceTree = BUILT_PRODUCTS_DIR; };
		0A87F83E2BD1629B007321F1 /* CoffeeCraft.app */ = {isa = PBXFileReference; explicitFileType = wrapper.application; includeInIndex = 0; path = CoffeeCraft.app; sourceTree = BUILT_PRODUCTS_DIR; };
		0A87F8412BD1629B007321F1 /* AppDelegate.swift */ = {isa = PBXFileReference; lastKnownFileType = sourcecode.swift; path = AppDelegate.swift; sourceTree = "<group>"; };
		0A87F8432BD1629B007321F1 /* SceneDelegate.swift */ = {isa = PBXFileReference; lastKnownFileType = sourcecode.swift; path = SceneDelegate.swift; sourceTree = "<group>"; };
		0A87F84A2BD1629D007321F1 /* Assets.xcassets */ = {isa = PBXFileReference; lastKnownFileType = folder.assetcatalog; path = Assets.xcassets; sourceTree = "<group>"; };
		0A87F84D2BD1629D007321F1 /* Base */ = {isa = PBXFileReference; lastKnownFileType = file.storyboard; name = Base; path = Base.lproj/LaunchScreen.storyboard; sourceTree = "<group>"; };
		0A87F84F2BD1629D007321F1 /* Info.plist */ = {isa = PBXFileReference; lastKnownFileType = text.plist.xml; path = Info.plist; sourceTree = "<group>"; };
		0A87F8582BD163A5007321F1 /* StartViewController.swift */ = {isa = PBXFileReference; lastKnownFileType = sourcecode.swift; path = StartViewController.swift; sourceTree = "<group>"; };
		0A87F85B2BD163CC007321F1 /* StartView.swift */ = {isa = PBXFileReference; lastKnownFileType = sourcecode.swift; path = StartView.swift; sourceTree = "<group>"; };
		0A87F85E2BD163EC007321F1 /* AuthorizationView.swift */ = {isa = PBXFileReference; lastKnownFileType = sourcecode.swift; path = AuthorizationView.swift; sourceTree = "<group>"; };
		0A87F8602BD163FA007321F1 /* AuthorizationViewController.swift */ = {isa = PBXFileReference; lastKnownFileType = sourcecode.swift; path = AuthorizationViewController.swift; sourceTree = "<group>"; };
		0A87F8642BD166E7007321F1 /* CoffeeCraftTextField.swift */ = {isa = PBXFileReference; lastKnownFileType = sourcecode.swift; path = CoffeeCraftTextField.swift; sourceTree = "<group>"; };
		0A87F8672BD16727007321F1 /* CoffeeCraftButton.swift */ = {isa = PBXFileReference; lastKnownFileType = sourcecode.swift; path = CoffeeCraftButton.swift; sourceTree = "<group>"; };
		0A87F8692BD16752007321F1 /* MinusAndPlusButton.swift */ = {isa = PBXFileReference; lastKnownFileType = sourcecode.swift; path = MinusAndPlusButton.swift; sourceTree = "<group>"; };
		0A87F86B2BD16795007321F1 /* CoffeeCraftTitleLabel.swift */ = {isa = PBXFileReference; lastKnownFileType = sourcecode.swift; path = CoffeeCraftTitleLabel.swift; sourceTree = "<group>"; };
		0A87F86F2BD167EC007321F1 /* CoffeeCraftImageView.swift */ = {isa = PBXFileReference; lastKnownFileType = sourcecode.swift; path = CoffeeCraftImageView.swift; sourceTree = "<group>"; };
		0A87F8722BD16CBF007321F1 /* UIView+Ext.swift */ = {isa = PBXFileReference; lastKnownFileType = sourcecode.swift; path = "UIView+Ext.swift"; sourceTree = "<group>"; };
		0A87F8752BD17092007321F1 /* MenuBarCell.swift */ = {isa = PBXFileReference; lastKnownFileType = sourcecode.swift; path = MenuBarCell.swift; sourceTree = "<group>"; };
		0A87F8772BD1B113007321F1 /* MenuBarViewController.swift */ = {isa = PBXFileReference; lastKnownFileType = sourcecode.swift; path = MenuBarViewController.swift; sourceTree = "<group>"; };
		0A87F87B2BD1B2E7007321F1 /* Product.swift */ = {isa = PBXFileReference; lastKnownFileType = sourcecode.swift; path = Product.swift; sourceTree = "<group>"; };
		0A87F87D2BD1B324007321F1 /* ProductsCell.swift */ = {isa = PBXFileReference; lastKnownFileType = sourcecode.swift; path = ProductsCell.swift; sourceTree = "<group>"; };
		0A87F87F2BD1B3A5007321F1 /* Products.json */ = {isa = PBXFileReference; lastKnownFileType = text.json; path = Products.json; sourceTree = "<group>"; };
		0A87F8802BD1B3C2007321F1 /* Category.json */ = {isa = PBXFileReference; lastKnownFileType = text.json; path = Category.json; sourceTree = "<group>"; };
		0A87F8812BD1B3DF007321F1 /* Categories.swift */ = {isa = PBXFileReference; lastKnownFileType = sourcecode.swift; path = Categories.swift; sourceTree = "<group>"; };
		0A87F8832BD1B44A007321F1 /* JSONParser.swift */ = {isa = PBXFileReference; lastKnownFileType = sourcecode.swift; path = JSONParser.swift; sourceTree = "<group>"; };
		0A87F8852BD1B77D007321F1 /* ProductsViewController.swift */ = {isa = PBXFileReference; lastKnownFileType = sourcecode.swift; path = ProductsViewController.swift; sourceTree = "<group>"; };
		0A87F8872BD1B7CB007321F1 /* CounterModel.swift */ = {isa = PBXFileReference; lastKnownFileType = sourcecode.swift; path = CounterModel.swift; sourceTree = "<group>"; };
		1F7CF2AEDD13CC1D99E40CDB /* Pods-CoffeeCraft.release.xcconfig */ = {isa = PBXFileReference; includeInIndex = 1; lastKnownFileType = text.xcconfig; name = "Pods-CoffeeCraft.release.xcconfig"; path = "Target Support Files/Pods-CoffeeCraft/Pods-CoffeeCraft.release.xcconfig"; sourceTree = "<group>"; };
		F394910E12219E611909F675 /* Pods-CoffeeCraft.debug.xcconfig */ = {isa = PBXFileReference; includeInIndex = 1; lastKnownFileType = text.xcconfig; name = "Pods-CoffeeCraft.debug.xcconfig"; path = "Target Support Files/Pods-CoffeeCraft/Pods-CoffeeCraft.debug.xcconfig"; sourceTree = "<group>"; };
/* End PBXFileReference section */

/* Begin PBXFrameworksBuildPhase section */
		0A87F83B2BD1629B007321F1 /* Frameworks */ = {
			isa = PBXFrameworksBuildPhase;
			buildActionMask = 2147483647;
			files = (
				604B7F64573A040AF4F0E1C5 /* Pods_CoffeeCraft.framework in Frameworks */,
			);
			runOnlyForDeploymentPostprocessing = 0;
		};
/* End PBXFrameworksBuildPhase section */

/* Begin PBXGroup section */
		0A87F8352BD1629B007321F1 = {
			isa = PBXGroup;
			children = (
				0A87F8402BD1629B007321F1 /* CoffeeCraft */,
				0A87F83F2BD1629B007321F1 /* Products */,
				ACB6801CAAE8F35C78AA48FD /* Pods */,
				2B26BC06E50B6998A6B5713F /* Frameworks */,
			);
			sourceTree = "<group>";
		};
		0A87F83F2BD1629B007321F1 /* Products */ = {
			isa = PBXGroup;
			children = (
				0A87F83E2BD1629B007321F1 /* CoffeeCraft.app */,
			);
			name = Products;
			sourceTree = "<group>";
		};
		0A87F8402BD1629B007321F1 /* CoffeeCraft */ = {
			isa = PBXGroup;
			children = (
				0A87F87A2BD1B2CC007321F1 /* DTO */,
				0A87F8712BD16CA1007321F1 /* Extensions */,
				0A87F8572BD162DF007321F1 /* Modules */,
				0A87F8562BD162CE007321F1 /* Resouces */,
				0A87F8552BD162C0007321F1 /* Delegates */,
				0A87F84F2BD1629D007321F1 /* Info.plist */,
			);
			path = CoffeeCraft;
			sourceTree = "<group>";
		};
		0A87F8552BD162C0007321F1 /* Delegates */ = {
			isa = PBXGroup;
			children = (
				0A87F8432BD1629B007321F1 /* SceneDelegate.swift */,
				0A87F8412BD1629B007321F1 /* AppDelegate.swift */,
			);
			path = Delegates;
			sourceTree = "<group>";
		};
		0A87F8562BD162CE007321F1 /* Resouces */ = {
			isa = PBXGroup;
			children = (
				0A87F84C2BD1629D007321F1 /* LaunchScreen.storyboard */,
				0A87F84A2BD1629D007321F1 /* Assets.xcassets */,
			);
			path = Resouces;
			sourceTree = "<group>";
		};
		0A87F8572BD162DF007321F1 /* Modules */ = {
			isa = PBXGroup;
			children = (
				0A87F8792BD1B29B007321F1 /* Products */,
				0A87F8742BD1703C007321F1 /* MainMenu */,
				0A87F85D2BD163D3007321F1 /* Authorization */,
				0A87F85A2BD163B8007321F1 /* Start */,
				0A87F8622BD16433007321F1 /* CustomViews */,
			);
			path = Modules;
			sourceTree = "<group>";
		};
		0A87F85A2BD163B8007321F1 /* Start */ = {
			isa = PBXGroup;
			children = (
				0A87F8582BD163A5007321F1 /* StartViewController.swift */,
				0A87F85B2BD163CC007321F1 /* StartView.swift */,
			);
			path = Start;
			sourceTree = "<group>";
		};
		0A87F85D2BD163D3007321F1 /* Authorization */ = {
			isa = PBXGroup;
			children = (
				0A87F85E2BD163EC007321F1 /* AuthorizationView.swift */,
				0A87F8602BD163FA007321F1 /* AuthorizationViewController.swift */,
			);
			path = Authorization;
			sourceTree = "<group>";
		};
		0A87F8622BD16433007321F1 /* CustomViews */ = {
			isa = PBXGroup;
			children = (
				0A87F86E2BD167CD007321F1 /* ImageViews */,
				0A87F86D2BD1679C007321F1 /* Labels */,
				0A87F8662BD16711007321F1 /* Buttons */,
				0A87F8632BD166C0007321F1 /* TextFields */,
			);
			path = CustomViews;
			sourceTree = "<group>";
		};
		0A87F8632BD166C0007321F1 /* TextFields */ = {
			isa = PBXGroup;
			children = (
				0A87F8642BD166E7007321F1 /* CoffeeCraftTextField.swift */,
			);
			path = TextFields;
			sourceTree = "<group>";
		};
		0A87F8662BD16711007321F1 /* Buttons */ = {
			isa = PBXGroup;
			children = (
				0A87F8672BD16727007321F1 /* CoffeeCraftButton.swift */,
				0A87F8692BD16752007321F1 /* MinusAndPlusButton.swift */,
			);
			path = Buttons;
			sourceTree = "<group>";
		};
		0A87F86D2BD1679C007321F1 /* Labels */ = {
			isa = PBXGroup;
			children = (
				0A87F86B2BD16795007321F1 /* CoffeeCraftTitleLabel.swift */,
			);
			path = Labels;
			sourceTree = "<group>";
		};
		0A87F86E2BD167CD007321F1 /* ImageViews */ = {
			isa = PBXGroup;
			children = (
				0A87F86F2BD167EC007321F1 /* CoffeeCraftImageView.swift */,
			);
			path = ImageViews;
			sourceTree = "<group>";
		};
		0A87F8712BD16CA1007321F1 /* Extensions */ = {
			isa = PBXGroup;
			children = (
				0A87F8722BD16CBF007321F1 /* UIView+Ext.swift */,
			);
			path = Extensions;
			sourceTree = "<group>";
		};
		0A87F8742BD1703C007321F1 /* MainMenu */ = {
			isa = PBXGroup;
			children = (
				0A87F8752BD17092007321F1 /* MenuBarCell.swift */,
				0A87F8772BD1B113007321F1 /* MenuBarViewController.swift */,
			);
			path = MainMenu;
			sourceTree = "<group>";
		};
		0A87F8792BD1B29B007321F1 /* Products */ = {
			isa = PBXGroup;
			children = (
				0A87F87D2BD1B324007321F1 /* ProductsCell.swift */,
				0A87F8852BD1B77D007321F1 /* ProductsViewController.swift */,
				0A87F8872BD1B7CB007321F1 /* CounterModel.swift */,
			);
			path = Products;
			sourceTree = "<group>";
		};
		0A87F87A2BD1B2CC007321F1 /* DTO */ = {
			isa = PBXGroup;
			children = (
				0A87F87B2BD1B2E7007321F1 /* Product.swift */,
				0A87F8812BD1B3DF007321F1 /* Categories.swift */,
				0A87F87F2BD1B3A5007321F1 /* Products.json */,
				0A87F8802BD1B3C2007321F1 /* Category.json */,
				0A87F8832BD1B44A007321F1 /* JSONParser.swift */,
			);
			path = DTO;
			sourceTree = "<group>";
		};
		2B26BC06E50B6998A6B5713F /* Frameworks */ = {
			isa = PBXGroup;
			children = (
				05C7503E111213C7DD7A96D0 /* Pods_CoffeeCraft.framework */,
			);
			name = Frameworks;
			sourceTree = "<group>";
		};
		ACB6801CAAE8F35C78AA48FD /* Pods */ = {
			isa = PBXGroup;
			children = (
				F394910E12219E611909F675 /* Pods-CoffeeCraft.debug.xcconfig */,
				1F7CF2AEDD13CC1D99E40CDB /* Pods-CoffeeCraft.release.xcconfig */,
			);
			path = Pods;
			sourceTree = "<group>";
		};
/* End PBXGroup section */

/* Begin PBXNativeTarget section */
		0A87F83D2BD1629B007321F1 /* CoffeeCraft */ = {
			isa = PBXNativeTarget;
			buildConfigurationList = 0A87F8522BD1629D007321F1 /* Build configuration list for PBXNativeTarget "CoffeeCraft" */;
			buildPhases = (
				955B6D017A55D1B90F912B39 /* [CP] Check Pods Manifest.lock */,
				0A87F83A2BD1629B007321F1 /* Sources */,
				0A87F83B2BD1629B007321F1 /* Frameworks */,
				0A87F83C2BD1629B007321F1 /* Resources */,
				CAA1DD4CFC6EC9E622789125 /* [CP] Embed Pods Frameworks */,
			);
			buildRules = (
			);
			dependencies = (
			);
			name = CoffeeCraft;
			productName = CoffeeCraft;
			productReference = 0A87F83E2BD1629B007321F1 /* CoffeeCraft.app */;
			productType = "com.apple.product-type.application";
		};
/* End PBXNativeTarget section */

/* Begin PBXProject section */
		0A87F8362BD1629B007321F1 /* Project object */ = {
			isa = PBXProject;
			attributes = {
				BuildIndependentTargetsInParallel = 1;
				LastSwiftUpdateCheck = 1530;
				LastUpgradeCheck = 1530;
				TargetAttributes = {
					0A87F83D2BD1629B007321F1 = {
						CreatedOnToolsVersion = 15.3;
					};
				};
			};
			buildConfigurationList = 0A87F8392BD1629B007321F1 /* Build configuration list for PBXProject "CoffeeCraft" */;
			compatibilityVersion = "Xcode 14.0";
			developmentRegion = en;
			hasScannedForEncodings = 0;
			knownRegions = (
				en,
				Base,
			);
			mainGroup = 0A87F8352BD1629B007321F1;
			productRefGroup = 0A87F83F2BD1629B007321F1 /* Products */;
			projectDirPath = "";
			projectRoot = "";
			targets = (
				0A87F83D2BD1629B007321F1 /* CoffeeCraft */,
			);
		};
/* End PBXProject section */

/* Begin PBXResourcesBuildPhase section */
		0A87F83C2BD1629B007321F1 /* Resources */ = {
			isa = PBXResourcesBuildPhase;
			buildActionMask = 2147483647;
			files = (
				0A87F84B2BD1629D007321F1 /* Assets.xcassets in Resources */,
				0A87F84E2BD1629D007321F1 /* Base in Resources */,
			);
			runOnlyForDeploymentPostprocessing = 0;
		};
/* End PBXResourcesBuildPhase section */

/* Begin PBXShellScriptBuildPhase section */
		955B6D017A55D1B90F912B39 /* [CP] Check Pods Manifest.lock */ = {
			isa = PBXShellScriptBuildPhase;
			buildActionMask = 2147483647;
			files = (
			);
			inputFileListPaths = (
			);
			inputPaths = (
				"${PODS_PODFILE_DIR_PATH}/Podfile.lock",
				"${PODS_ROOT}/Manifest.lock",
			);
			name = "[CP] Check Pods Manifest.lock";
			outputFileListPaths = (
			);
			outputPaths = (
				"$(DERIVED_FILE_DIR)/Pods-CoffeeCraft-checkManifestLockResult.txt",
			);
			runOnlyForDeploymentPostprocessing = 0;
			shellPath = /bin/sh;
			shellScript = "diff \"${PODS_PODFILE_DIR_PATH}/Podfile.lock\" \"${PODS_ROOT}/Manifest.lock\" > /dev/null\nif [ $? != 0 ] ; then\n    # print error to STDERR\n    echo \"error: The sandbox is not in sync with the Podfile.lock. Run 'pod install' or update your CocoaPods installation.\" >&2\n    exit 1\nfi\n# This output is used by Xcode 'outputs' to avoid re-running this script phase.\necho \"SUCCESS\" > \"${SCRIPT_OUTPUT_FILE_0}\"\n";
			showEnvVarsInLog = 0;
		};
		CAA1DD4CFC6EC9E622789125 /* [CP] Embed Pods Frameworks */ = {
			isa = PBXShellScriptBuildPhase;
			buildActionMask = 2147483647;
			files = (
			);
			inputFileListPaths = (
				"${PODS_ROOT}/Target Support Files/Pods-CoffeeCraft/Pods-CoffeeCraft-frameworks-${CONFIGURATION}-input-files.xcfilelist",
			);
			name = "[CP] Embed Pods Frameworks";
			outputFileListPaths = (
				"${PODS_ROOT}/Target Support Files/Pods-CoffeeCraft/Pods-CoffeeCraft-frameworks-${CONFIGURATION}-output-files.xcfilelist",
			);
			runOnlyForDeploymentPostprocessing = 0;
			shellPath = /bin/sh;
			shellScript = "\"${PODS_ROOT}/Target Support Files/Pods-CoffeeCraft/Pods-CoffeeCraft-frameworks.sh\"\n";
			showEnvVarsInLog = 0;
		};
/* End PBXShellScriptBuildPhase section */

/* Begin PBXSourcesBuildPhase section */
		0A87F83A2BD1629B007321F1 /* Sources */ = {
			isa = PBXSourcesBuildPhase;
			buildActionMask = 2147483647;
			files = (
				0A87F8652BD166E7007321F1 /* CoffeeCraftTextField.swift in Sources */,
				0A87F87E2BD1B324007321F1 /* ProductsCell.swift in Sources */,
				0A87F8842BD1B44A007321F1 /* JSONParser.swift in Sources */,
				0A87F8862BD1B77D007321F1 /* ProductsViewController.swift in Sources */,
				0A87F86A2BD16752007321F1 /* MinusAndPlusButton.swift in Sources */,
				0A87F87C2BD1B2E7007321F1 /* Product.swift in Sources */,
				0A87F8822BD1B3DF007321F1 /* Categories.swift in Sources */,
				0A87F8702BD167EC007321F1 /* CoffeeCraftImageView.swift in Sources */,
				0A87F86C2BD16795007321F1 /* CoffeeCraftTitleLabel.swift in Sources */,
				0A87F8612BD163FA007321F1 /* AuthorizationViewController.swift in Sources */,
				0A87F8592BD163A5007321F1 /* StartViewController.swift in Sources */,
				0A87F8422BD1629B007321F1 /* AppDelegate.swift in Sources */,
				0A87F8442BD1629B007321F1 /* SceneDelegate.swift in Sources */,
				0A87F8732BD16CBF007321F1 /* UIView+Ext.swift in Sources */,
				0A87F8882BD1B7CB007321F1 /* CounterModel.swift in Sources */,
				0A87F85F2BD163EC007321F1 /* AuthorizationView.swift in Sources */,
				0A87F8682BD16727007321F1 /* CoffeeCraftButton.swift in Sources */,
				0A87F85C2BD163CC007321F1 /* StartView.swift in Sources */,
				0A87F8762BD17092007321F1 /* MenuBarCell.swift in Sources */,
				0A87F8782BD1B113007321F1 /* MenuBarViewController.swift in Sources */,
			);
			runOnlyForDeploymentPostprocessing = 0;
		};
/* End PBXSourcesBuildPhase section */

/* Begin PBXVariantGroup section */
		0A87F84C2BD1629D007321F1 /* LaunchScreen.storyboard */ = {
			isa = PBXVariantGroup;
			children = (
				0A87F84D2BD1629D007321F1 /* Base */,
			);
			name = LaunchScreen.storyboard;
			sourceTree = "<group>";
		};
/* End PBXVariantGroup section */

/* Begin XCBuildConfiguration section */
		0A87F8502BD1629D007321F1 /* Debug */ = {
			isa = XCBuildConfiguration;
			buildSettings = {
				ALWAYS_SEARCH_USER_PATHS = NO;
				ASSETCATALOG_COMPILER_GENERATE_SWIFT_ASSET_SYMBOL_EXTENSIONS = YES;
				CLANG_ANALYZER_NONNULL = YES;
				CLANG_ANALYZER_NUMBER_OBJECT_CONVERSION = YES_AGGRESSIVE;
				CLANG_CXX_LANGUAGE_STANDARD = "gnu++20";
				CLANG_ENABLE_MODULES = YES;
				CLANG_ENABLE_OBJC_ARC = YES;
				CLANG_ENABLE_OBJC_WEAK = YES;
				CLANG_WARN_BLOCK_CAPTURE_AUTORELEASING = YES;
				CLANG_WARN_BOOL_CONVERSION = YES;
				CLANG_WARN_COMMA = YES;
				CLANG_WARN_CONSTANT_CONVERSION = YES;
				CLANG_WARN_DEPRECATED_OBJC_IMPLEMENTATIONS = YES;
				CLANG_WARN_DIRECT_OBJC_ISA_USAGE = YES_ERROR;
				CLANG_WARN_DOCUMENTATION_COMMENTS = YES;
				CLANG_WARN_EMPTY_BODY = YES;
				CLANG_WARN_ENUM_CONVERSION = YES;
				CLANG_WARN_INFINITE_RECURSION = YES;
				CLANG_WARN_INT_CONVERSION = YES;
				CLANG_WARN_NON_LITERAL_NULL_CONVERSION = YES;
				CLANG_WARN_OBJC_IMPLICIT_RETAIN_SELF = YES;
				CLANG_WARN_OBJC_LITERAL_CONVERSION = YES;
				CLANG_WARN_OBJC_ROOT_CLASS = YES_ERROR;
				CLANG_WARN_QUOTED_INCLUDE_IN_FRAMEWORK_HEADER = YES;
				CLANG_WARN_RANGE_LOOP_ANALYSIS = YES;
				CLANG_WARN_STRICT_PROTOTYPES = YES;
				CLANG_WARN_SUSPICIOUS_MOVE = YES;
				CLANG_WARN_UNGUARDED_AVAILABILITY = YES_AGGRESSIVE;
				CLANG_WARN_UNREACHABLE_CODE = YES;
				CLANG_WARN__DUPLICATE_METHOD_MATCH = YES;
				COPY_PHASE_STRIP = NO;
				DEBUG_INFORMATION_FORMAT = dwarf;
				ENABLE_STRICT_OBJC_MSGSEND = YES;
				ENABLE_TESTABILITY = YES;
				ENABLE_USER_SCRIPT_SANDBOXING = NO;
				GCC_C_LANGUAGE_STANDARD = gnu17;
				GCC_DYNAMIC_NO_PIC = NO;
				GCC_NO_COMMON_BLOCKS = YES;
				GCC_OPTIMIZATION_LEVEL = 0;
				GCC_PREPROCESSOR_DEFINITIONS = (
					"DEBUG=1",
					"$(inherited)",
				);
				GCC_WARN_64_TO_32_BIT_CONVERSION = YES;
				GCC_WARN_ABOUT_RETURN_TYPE = YES_ERROR;
				GCC_WARN_UNDECLARED_SELECTOR = YES;
				GCC_WARN_UNINITIALIZED_AUTOS = YES_AGGRESSIVE;
				GCC_WARN_UNUSED_FUNCTION = YES;
				GCC_WARN_UNUSED_VARIABLE = YES;
				IPHONEOS_DEPLOYMENT_TARGET = 17.4;
				LOCALIZATION_PREFERS_STRING_CATALOGS = YES;
				MTL_ENABLE_DEBUG_INFO = INCLUDE_SOURCE;
				MTL_FAST_MATH = YES;
				ONLY_ACTIVE_ARCH = YES;
				SDKROOT = iphoneos;
				SWIFT_ACTIVE_COMPILATION_CONDITIONS = "DEBUG $(inherited)";
				SWIFT_OPTIMIZATION_LEVEL = "-Onone";
			};
			name = Debug;
		};
		0A87F8512BD1629D007321F1 /* Release */ = {
			isa = XCBuildConfiguration;
			buildSettings = {
				ALWAYS_SEARCH_USER_PATHS = NO;
				ASSETCATALOG_COMPILER_GENERATE_SWIFT_ASSET_SYMBOL_EXTENSIONS = YES;
				CLANG_ANALYZER_NONNULL = YES;
				CLANG_ANALYZER_NUMBER_OBJECT_CONVERSION = YES_AGGRESSIVE;
				CLANG_CXX_LANGUAGE_STANDARD = "gnu++20";
				CLANG_ENABLE_MODULES = YES;
				CLANG_ENABLE_OBJC_ARC = YES;
				CLANG_ENABLE_OBJC_WEAK = YES;
				CLANG_WARN_BLOCK_CAPTURE_AUTORELEASING = YES;
				CLANG_WARN_BOOL_CONVERSION = YES;
				CLANG_WARN_COMMA = YES;
				CLANG_WARN_CONSTANT_CONVERSION = YES;
				CLANG_WARN_DEPRECATED_OBJC_IMPLEMENTATIONS = YES;
				CLANG_WARN_DIRECT_OBJC_ISA_USAGE = YES_ERROR;
				CLANG_WARN_DOCUMENTATION_COMMENTS = YES;
				CLANG_WARN_EMPTY_BODY = YES;
				CLANG_WARN_ENUM_CONVERSION = YES;
				CLANG_WARN_INFINITE_RECURSION = YES;
				CLANG_WARN_INT_CONVERSION = YES;
				CLANG_WARN_NON_LITERAL_NULL_CONVERSION = YES;
				CLANG_WARN_OBJC_IMPLICIT_RETAIN_SELF = YES;
				CLANG_WARN_OBJC_LITERAL_CONVERSION = YES;
				CLANG_WARN_OBJC_ROOT_CLASS = YES_ERROR;
				CLANG_WARN_QUOTED_INCLUDE_IN_FRAMEWORK_HEADER = YES;
				CLANG_WARN_RANGE_LOOP_ANALYSIS = YES;
				CLANG_WARN_STRICT_PROTOTYPES = YES;
				CLANG_WARN_SUSPICIOUS_MOVE = YES;
				CLANG_WARN_UNGUARDED_AVAILABILITY = YES_AGGRESSIVE;
				CLANG_WARN_UNREACHABLE_CODE = YES;
				CLANG_WARN__DUPLICATE_METHOD_MATCH = YES;
				COPY_PHASE_STRIP = NO;
				DEBUG_INFORMATION_FORMAT = "dwarf-with-dsym";
				ENABLE_NS_ASSERTIONS = NO;
				ENABLE_STRICT_OBJC_MSGSEND = YES;
				ENABLE_USER_SCRIPT_SANDBOXING = NO;
				GCC_C_LANGUAGE_STANDARD = gnu17;
				GCC_NO_COMMON_BLOCKS = YES;
				GCC_WARN_64_TO_32_BIT_CONVERSION = YES;
				GCC_WARN_ABOUT_RETURN_TYPE = YES_ERROR;
				GCC_WARN_UNDECLARED_SELECTOR = YES;
				GCC_WARN_UNINITIALIZED_AUTOS = YES_AGGRESSIVE;
				GCC_WARN_UNUSED_FUNCTION = YES;
				GCC_WARN_UNUSED_VARIABLE = YES;
				IPHONEOS_DEPLOYMENT_TARGET = 17.4;
				LOCALIZATION_PREFERS_STRING_CATALOGS = YES;
				MTL_ENABLE_DEBUG_INFO = NO;
				MTL_FAST_MATH = YES;
				SDKROOT = iphoneos;
				SWIFT_COMPILATION_MODE = wholemodule;
				VALIDATE_PRODUCT = YES;
			};
			name = Release;
		};
		0A87F8532BD1629D007321F1 /* Debug */ = {
			isa = XCBuildConfiguration;
			baseConfigurationReference = F394910E12219E611909F675 /* Pods-CoffeeCraft.debug.xcconfig */;
			buildSettings = {
				ASSETCATALOG_COMPILER_APPICON_NAME = AppIcon;
				ASSETCATALOG_COMPILER_GLOBAL_ACCENT_COLOR_NAME = AccentColor;
				CODE_SIGN_STYLE = Automatic;
				CURRENT_PROJECT_VERSION = 1;
				DEVELOPMENT_TEAM = LH7FMGZ75D;
				GENERATE_INFOPLIST_FILE = YES;
				INFOPLIST_FILE = CoffeeCraft/Info.plist;
				INFOPLIST_KEY_UIApplicationSupportsIndirectInputEvents = YES;
				INFOPLIST_KEY_UILaunchStoryboardName = LaunchScreen;
				INFOPLIST_KEY_UISupportedInterfaceOrientations_iPad = "UIInterfaceOrientationPortrait UIInterfaceOrientationPortraitUpsideDown UIInterfaceOrientationLandscapeLeft UIInterfaceOrientationLandscapeRight";
				INFOPLIST_KEY_UISupportedInterfaceOrientations_iPhone = "UIInterfaceOrientationPortrait UIInterfaceOrientationLandscapeLeft UIInterfaceOrientationLandscapeRight";
				LD_RUNPATH_SEARCH_PATHS = (
					"$(inherited)",
					"@executable_path/Frameworks",
				);
				MARKETING_VERSION = 1.0;
				PRODUCT_BUNDLE_IDENTIFIER = com.turgunbaevaa.CoffeeCraft;
				PRODUCT_NAME = "$(TARGET_NAME)";
				SWIFT_EMIT_LOC_STRINGS = YES;
				SWIFT_VERSION = 5.0;
				TARGETED_DEVICE_FAMILY = "1,2";
			};
			name = Debug;
		};
		0A87F8542BD1629D007321F1 /* Release */ = {
			isa = XCBuildConfiguration;
			baseConfigurationReference = 1F7CF2AEDD13CC1D99E40CDB /* Pods-CoffeeCraft.release.xcconfig */;
			buildSettings = {
				ASSETCATALOG_COMPILER_APPICON_NAME = AppIcon;
				ASSETCATALOG_COMPILER_GLOBAL_ACCENT_COLOR_NAME = AccentColor;
				CODE_SIGN_STYLE = Automatic;
				CURRENT_PROJECT_VERSION = 1;
				DEVELOPMENT_TEAM = LH7FMGZ75D;
				GENERATE_INFOPLIST_FILE = YES;
				INFOPLIST_FILE = CoffeeCraft/Info.plist;
				INFOPLIST_KEY_UIApplicationSupportsIndirectInputEvents = YES;
				INFOPLIST_KEY_UILaunchStoryboardName = LaunchScreen;
				INFOPLIST_KEY_UISupportedInterfaceOrientations_iPad = "UIInterfaceOrientationPortrait UIInterfaceOrientationPortraitUpsideDown UIInterfaceOrientationLandscapeLeft UIInterfaceOrientationLandscapeRight";
				INFOPLIST_KEY_UISupportedInterfaceOrientations_iPhone = "UIInterfaceOrientationPortrait UIInterfaceOrientationLandscapeLeft UIInterfaceOrientationLandscapeRight";
				LD_RUNPATH_SEARCH_PATHS = (
					"$(inherited)",
					"@executable_path/Frameworks",
				);
				MARKETING_VERSION = 1.0;
				PRODUCT_BUNDLE_IDENTIFIER = com.turgunbaevaa.CoffeeCraft;
				PRODUCT_NAME = "$(TARGET_NAME)";
				SWIFT_EMIT_LOC_STRINGS = YES;
				SWIFT_VERSION = 5.0;
				TARGETED_DEVICE_FAMILY = "1,2";
			};
			name = Release;
		};
/* End XCBuildConfiguration section */

/* Begin XCConfigurationList section */
		0A87F8392BD1629B007321F1 /* Build configuration list for PBXProject "CoffeeCraft" */ = {
			isa = XCConfigurationList;
			buildConfigurations = (
				0A87F8502BD1629D007321F1 /* Debug */,
				0A87F8512BD1629D007321F1 /* Release */,
			);
			defaultConfigurationIsVisible = 0;
			defaultConfigurationName = Release;
		};
		0A87F8522BD1629D007321F1 /* Build configuration list for PBXNativeTarget "CoffeeCraft" */ = {
			isa = XCConfigurationList;
			buildConfigurations = (
				0A87F8532BD1629D007321F1 /* Debug */,
				0A87F8542BD1629D007321F1 /* Release */,
			);
			defaultConfigurationIsVisible = 0;
			defaultConfigurationName = Release;
		};
/* End XCConfigurationList section */
	};
	rootObject = 0A87F8362BD1629B007321F1 /* Project object */;
}
